
Microsoft Visual Studio Solution File, Format Version 12.00
# Visual Studio Version 16
VisualStudioVersion = 16.0.30104.148
MinimumVisualStudioVersion = 10.0.40219.1
Project("{9A19103F-16F7-4668-BE54-9A1E7A4F7556}") = "CoreRedisStats", "CoreRedisStats.csproj", "{669048BD-E102-41E5-BCC0-4C89081A12CF}"
EndProject
Project("{FAE04EC0-301F-11D3-BF4B-00C04F79EFBC}") = "NUnitTestProject", "..\NUnitTestProject\NUnitTestProject.csproj", "{6AE0C03D-7B75-4E13-8C60-D9E4F9FC241B}"
EndProject
Global
	GlobalSection(SolutionConfigurationPlatforms) = preSolution
		Debug|Any CPU = Debug|Any CPU
		Release|Any CPU = Release|Any CPU
	EndGlobalSection
	GlobalSection(ProjectConfigurationPlatforms) = postSolution
		{669048BD-E102-41E5-BCC0-4C89081A12CF}.Debug|Any CPU.ActiveCfg = Debug|Any CPU
		{669048BD-E102-41E5-BCC0-4C89081A12CF}.Debug|Any CPU.Build.0 = Debug|Any CPU
		{669048BD-E102-41E5-BCC0-4C89081A12CF}.Release|Any CPU.ActiveCfg = Release|Any CPU
		{669048BD-E102-41E5-BCC0-4C89081A12CF}.Release|Any CPU.Build.0 = Release|Any CPU
		{6AE0C03D-7B75-4E13-8C60-D9E4F9FC241B}.Debug|Any CPU.ActiveCfg = Debug|Any CPU
		{6AE0C03D-7B75-4E13-8C60-D9E4F9FC241B}.Debug|Any CPU.Build.0 = Debug|Any CPU
		{6AE0C03D-7B75-4E13-8C60-D9E4F9FC241B}.Release|Any CPU.ActiveCfg = Release|Any CPU
		{6AE0C03D-7B75-4E13-8C60-D9E4F9FC241B}.Release|Any CPU.Build.0 = Release|Any CPU
	EndGlobalSection
	GlobalSection(SolutionProperties) = preSolution
		HideSolutionNode = FALSE
	EndGlobalSection
	GlobalSection(ExtensibilityGlobals) = postSolution
		SolutionGuid = {B1F74A08-FBD1-4127-9051-171B40719A28}
	EndGlobalSection
EndGlobal
